version = 1
revision = 3
requires-python = ">=3.9, <4"

[[package]]
name = "attrs"
version = "22.2.0"
source = { registry = "https://pypi.org/simple" }
sdist = { url = "https://files.pythonhosted.org/packages/21/31/3f468da74c7de4fcf9b25591e682856389b3400b4b62f201e65f15ea3e07/attrs-22.2.0.tar.gz", hash = "sha256:c9227bfc2f01993c03f68db37d1d15c9690188323c067c641f1a35ca58185f99", size = 215900, upload-time = "2022-12-21T09:48:51.773Z" }
wheels = [
    { url = "https://files.pythonhosted.org/packages/fb/6e/6f83bf616d2becdf333a1640f1d463fef3150e2e926b7010cb0f81c95e88/attrs-22.2.0-py3-none-any.whl", hash = "sha256:29e95c7f6778868dbd49170f98f8818f78f3dc5e0e37c0b1f474e3561b240836", size = 60018, upload-time = "2022-12-21T09:48:49.401Z" },
]

[[package]]
name = "black"
version = "22.12.0"
source = { registry = "https://pypi.org/simple" }
dependencies = [
    { name = "click" },
    { name = "mypy-extensions" },
    { name = "pathspec" },
    { name = "platformdirs" },
    { name = "tomli", marker = "python_full_version < '3.11'" },
    { name = "typing-extensions", marker = "python_full_version < '3.10'" },
]
sdist = { url = "https://files.pythonhosted.org/packages/a6/59/e873cc6807fb62c11131e5258ca15577a3b7452abad08dc49286cf8245e8/black-22.12.0.tar.gz", hash = "sha256:229351e5a18ca30f447bf724d007f890f97e13af070bb6ad4c0a441cd7596a2f", size = 553112, upload-time = "2022-12-09T15:57:04.428Z" }
wheels = [
    { url = "https://files.pythonhosted.org/packages/79/d9/60852a6fc2f85374db20a9767dacfe50c2172eb8388f46018c8daf836995/black-22.12.0-cp310-cp310-manylinux_2_17_x86_64.manylinux2014_x86_64.whl", hash = "sha256:9eedd20838bd5d75b80c9f5487dbcb06836a43833a37846cf1d8c1cc01cef59d", size = 1556665, upload-time = "2022-12-09T16:04:10.897Z" },
    { url = "https://files.pythonhosted.org/packages/71/57/975782465cc6b514f2c972421e29b933dfbb51d4a95948a4e0e94f36ea38/black-22.12.0-cp310-cp310-win_amd64.whl", hash = "sha256:159a46a4947f73387b4d83e87ea006dbb2337eab6c879620a3ba52699b1f4351", size = 1205632, upload-time = "2022-12-09T16:14:38.465Z" },
    { url = "https://files.pythonhosted.org/packages/e9/e0/6aa02d14785c4039b38bfed6f9ee28a952b2d101c64fc97b15811fa8bd04/black-22.12.0-cp311-cp311-manylinux_2_17_x86_64.manylinux2014_x86_64.whl", hash = "sha256:d30b212bffeb1e252b31dd269dfae69dd17e06d92b87ad26e23890f3efea366f", size = 1536577, upload-time = "2022-12-09T16:04:12.721Z" },
    { url = "https://files.pythonhosted.org/packages/4c/49/420dcfccba3215dc4e5790fa47572ef14129df1c5e95dd87b5ad30211b01/black-22.12.0-cp311-cp311-win_amd64.whl", hash = "sha256:7412e75863aa5c5411886804678b7d083c7c28421210180d67dfd8cf1221e1f4", size = 1209873, upload-time = "2022-12-09T16:14:40.318Z" },
    { url = "https://files.pythonhosted.org/packages/ba/32/954bcc56b2b3b4ef52a086e3c0bdbad88a38c9e739feb19dd2e6294cda42/black-22.12.0-cp39-cp39-manylinux_2_17_x86_64.manylinux2014_x86_64.whl", hash = "sha256:101c69b23df9b44247bd88e1d7e90154336ac4992502d4197bdac35dd7ee3320", size = 1556765, upload-time = "2022-12-09T16:04:18.013Z" },
    { url = "https://files.pythonhosted.org/packages/f2/b9/06fe2dd83a2104d83c2b737f41aa5679f5a4395630005443ba4fa6fece8b/black-22.12.0-cp39-cp39-win_amd64.whl", hash = "sha256:559c7a1ba9a006226f09e4916060982fd27334ae1998e7a38b3f33a37f7a2148", size = 1204876, upload-time = "2022-12-09T16:14:45.975Z" },
    { url = "https://files.pythonhosted.org/packages/0c/51/1f7f93c0555eaf4cbb628e26ba026e3256174a45bd9397ff1ea7cf96bad5/black-22.12.0-py3-none-any.whl", hash = "sha256:436cc9167dd28040ad90d3b404aec22cedf24a6e4d7de221bec2730ec0c97bcf", size = 167343, upload-time = "2022-12-09T15:57:02.229Z" },
]

[[package]]
name = "chardet"
version = "5.1.0"
source = { registry = "https://pypi.org/simple" }
sdist = { url = "https://files.pythonhosted.org/packages/41/32/cdc91dcf83849c7385bf8e2a5693d87376536ed000807fa07f5eab33430d/chardet-5.1.0.tar.gz", hash = "sha256:0d62712b956bc154f85fb0a266e2a3c5913c2967e00348701b32411d6def31e5", size = 2069617, upload-time = "2022-12-01T22:34:18.086Z" }
wheels = [
    { url = "https://files.pythonhosted.org/packages/74/8f/8fc49109009e8d2169d94d72e6b1f4cd45c13d147ba7d6170fb41f22b08f/chardet-5.1.0-py3-none-any.whl", hash = "sha256:362777fb014af596ad31334fde1e8c327dfdb076e1960d1694662d46a6917ab9", size = 199124, upload-time = "2022-12-01T22:34:14.609Z" },
]

[[package]]
name = "click"
version = "8.1.3"
source = { registry = "https://pypi.org/simple" }
dependencies = [
    { name = "colorama", marker = "sys_platform == 'win32'" },
]
sdist = { url = "https://files.pythonhosted.org/packages/59/87/84326af34517fca8c58418d148f2403df25303e02736832403587318e9e8/click-8.1.3.tar.gz", hash = "sha256:7682dc8afb30297001674575ea00d1814d808d6a36af415a82bd481d37ba7b8e", size = 331147, upload-time = "2022-04-28T17:36:09.097Z" }
wheels = [
    { url = "https://files.pythonhosted.org/packages/c2/f1/df59e28c642d583f7dacffb1e0965d0e00b218e0186d7858ac5233dce840/click-8.1.3-py3-none-any.whl", hash = "sha256:bb4d8133cb15a609f44e8213d9b391b0809795062913b383c62be0ee95b1db48", size = 96588, upload-time = "2022-04-28T17:36:06.952Z" },
]

[[package]]
name = "colorama"
version = "0.4.6"
source = { registry = "https://pypi.org/simple" }
sdist = { url = "https://files.pythonhosted.org/packages/d8/53/6f443c9a4a8358a93a6792e2acffb9d9d5cb0a5cfd8802644b7b1c9a02e4/colorama-0.4.6.tar.gz", hash = "sha256:08695f5cb7ed6e0531a20572697297273c47b8cae5a63ffc6d6ed5c201be6e44", size = 27697, upload-time = "2022-10-25T02:36:22.414Z" }
wheels = [
    { url = "https://files.pythonhosted.org/packages/d1/d6/3965ed04c63042e047cb6a3e6ed1a63a35087b6a609aa3a15ed8ac56c221/colorama-0.4.6-py2.py3-none-any.whl", hash = "sha256:4f1d9991f5acc0ca119f9d443620b77f9d6b33703e51011c16baf57afb285fc6", size = 25335, upload-time = "2022-10-25T02:36:20.889Z" },
]

[[package]]
name = "exceptiongroup"
version = "1.1.0"
source = { registry = "https://pypi.org/simple" }
sdist = { url = "https://files.pythonhosted.org/packages/15/ab/dd27fb742b19a9d020338deb9ab9a28796524081bca880ac33c172c9a8f6/exceptiongroup-1.1.0.tar.gz", hash = "sha256:bcb67d800a4497e1b404c2dd44fca47d3b7a5e5433dbab67f96c1a685cdfdf23", size = 14696, upload-time = "2022-12-23T09:07:05.364Z" }
wheels = [
    { url = "https://files.pythonhosted.org/packages/e8/14/9c6a7e5f12294ccd6975a45e02899ed25468cd7c2c86f3d9725f387f9f5f/exceptiongroup-1.1.0-py3-none-any.whl", hash = "sha256:327cbda3da756e2de031a3107b81ab7b3770a602c4d16ca618298c526f4bec1e", size = 14263, upload-time = "2022-12-23T09:07:03.748Z" },
]

[[package]]
name = "flake8"
version = "6.0.0"
source = { registry = "https://pypi.org/simple" }
dependencies = [
    { name = "mccabe" },
    { name = "pycodestyle" },
    { name = "pyflakes" },
]
sdist = { url = "https://files.pythonhosted.org/packages/66/53/3ad4a3b74d609b3b9008a10075c40e7c8909eae60af53623c3888f7a529a/flake8-6.0.0.tar.gz", hash = "sha256:c61007e76655af75e6785a931f452915b371dc48f56efd765247c8fe68f2b181", size = 138524, upload-time = "2022-11-23T19:27:56.758Z" }
wheels = [
    { url = "https://files.pythonhosted.org/packages/d9/6a/bb0122ebe280476c924470779d2595f1403878cafe3c8a343ac56a5a9c0e/flake8-6.0.0-py2.py3-none-any.whl", hash = "sha256:3833794e27ff64ea4e9cf5d410082a8b97ff1a06c16aa3d2027339cd0f1195c7", size = 57818, upload-time = "2022-11-23T19:27:54.952Z" },
]

[[package]]
name = "flake8-pyproject"
version = "1.2.2"
source = { registry = "https://pypi.org/simple" }
dependencies = [
    { name = "flake8" },
    { name = "tomli", marker = "python_full_version < '3.11'" },
]
wheels = [
    { url = "https://files.pythonhosted.org/packages/91/8a/607fc3cb97714873e3c333afb4927e0341cec2677a26ca0dc7e0e666f016/flake8_pyproject-1.2.2-py3-none-any.whl", hash = "sha256:52d412219e7db6227faa654675b1435947b11d49b453f3eced760f19bdd6f06a", size = 5450, upload-time = "2022-12-04T12:03:21.247Z" },
]

[[package]]
name = "iniconfig"
version = "2.0.0"
source = { registry = "https://pypi.org/simple" }
sdist = { url = "https://files.pythonhosted.org/packages/d7/4b/cbd8e699e64a6f16ca3a8220661b5f83792b3017d0f79807cb8708d33913/iniconfig-2.0.0.tar.gz", hash = "sha256:2d91e135bf72d31a410b17c16da610a82cb55f6b0477d1a902134b24a455b8b3", size = 4646, upload-time = "2023-01-07T11:08:11.254Z" }
wheels = [
    { url = "https://files.pythonhosted.org/packages/ef/a6/62565a6e1cf69e10f5727360368e451d4b7f58beeac6173dc9db836a5b46/iniconfig-2.0.0-py3-none-any.whl", hash = "sha256:b6a85871a79d2e3b22d2d1b94ac2824226a63c6b741c88f7ae975f18b6778374", size = 5892, upload-time = "2023-01-07T11:08:09.864Z" },
]

[[package]]
name = "isort"
version = "5.12.0"
source = { registry = "https://pypi.org/simple" }
sdist = { url = "https://files.pythonhosted.org/packages/a9/c4/dc00e42c158fc4dda2afebe57d2e948805c06d5169007f1724f0683010a9/isort-5.12.0.tar.gz", hash = "sha256:8bef7dde241278824a6d83f44a544709b065191b95b6e50894bdc722fcba0504", size = 174643, upload-time = "2023-01-28T17:10:22.636Z" }
wheels = [
    { url = "https://files.pythonhosted.org/packages/0a/63/4036ae70eea279c63e2304b91ee0ac182f467f24f86394ecfe726092340b/isort-5.12.0-py3-none-any.whl", hash = "sha256:f84c2818376e66cf843d497486ea8fed8700b340f308f076c6fb1229dff318b6", size = 91198, upload-time = "2023-01-28T17:10:21.149Z" },
]

[[package]]
name = "mccabe"
version = "0.7.0"
source = { registry = "https://pypi.org/simple" }
sdist = { url = "https://files.pythonhosted.org/packages/e7/ff/0ffefdcac38932a54d2b5eed4e0ba8a408f215002cd178ad1df0f2806ff8/mccabe-0.7.0.tar.gz", hash = "sha256:348e0240c33b60bbdf4e523192ef919f28cb2c3d7d5c7794f74009290f236325", size = 9658, upload-time = "2022-01-24T01:14:51.113Z" }
wheels = [
    { url = "https://files.pythonhosted.org/packages/27/1a/1f68f9ba0c207934b35b86a8ca3aad8395a3d6dd7921c0686e23853ff5a9/mccabe-0.7.0-py2.py3-none-any.whl", hash = "sha256:6c2d30ab6be0e4a46919781807b4f0d834ebdd6c6e3dca0bda5a15f863427b6e", size = 7350, upload-time = "2022-01-24T01:14:49.62Z" },
]

[[package]]
name = "mypy-extensions"
version = "1.0.0"
source = { registry = "https://pypi.org/simple" }
sdist = { url = "https://files.pythonhosted.org/packages/98/a4/1ab47638b92648243faf97a5aeb6ea83059cc3624972ab6b8d2316078d3f/mypy_extensions-1.0.0.tar.gz", hash = "sha256:75dbf8955dc00442a438fc4d0666508a9a97b6bd41aa2f0ffe9d2f2725af0782", size = 4433, upload-time = "2023-02-04T12:11:27.157Z" }
wheels = [
    { url = "https://files.pythonhosted.org/packages/2a/e2/5d3f6ada4297caebe1a2add3b126fe800c96f56dbe5d1988a2cbe0b267aa/mypy_extensions-1.0.0-py3-none-any.whl", hash = "sha256:4392f6c0eb8a5668a69e23d168ffa70f0be9ccfd32b5cc2d26a34ae5b844552d", size = 4695, upload-time = "2023-02-04T12:11:25.002Z" },
]

[[package]]
name = "packaging"
version = "23.0"
source = { registry = "https://pypi.org/simple" }
sdist = { url = "https://files.pythonhosted.org/packages/47/d5/aca8ff6f49aa5565df1c826e7bf5e85a6df852ee063600c1efa5b932968c/packaging-23.0.tar.gz", hash = "sha256:b6ad297f8907de0fa2fe1ccbd26fdaf387f5f47c7275fedf8cce89f99446cf97", size = 126241, upload-time = "2023-01-08T18:18:54.74Z" }
wheels = [
    { url = "https://files.pythonhosted.org/packages/ed/35/a31aed2993e398f6b09a790a181a7927eb14610ee8bbf02dc14d31677f1c/packaging-23.0-py3-none-any.whl", hash = "sha256:714ac14496c3e68c99c29b00845f7a2b85f3bb6f1078fd9f72fd20f0570002b2", size = 42678, upload-time = "2023-01-08T18:18:53.118Z" },
]

[[package]]
name = "pathspec"
version = "0.11.0"
source = { registry = "https://pypi.org/simple" }
sdist = { url = "https://files.pythonhosted.org/packages/f4/8e/f91cffb32740b251cff04cad1e7cdd2c710582c735a01f56307316c148f2/pathspec-0.11.0.tar.gz", hash = "sha256:64d338d4e0914e91c1792321e6907b5a593f1ab1851de7fc269557a21b30ebbc", size = 45214, upload-time = "2023-01-25T04:05:14.038Z" }
wheels = [
    { url = "https://files.pythonhosted.org/packages/e6/be/1a973593d7ce7ac9d1a793b81eb265c152a62f34825169fbd7c4e4548e34/pathspec-0.11.0-py3-none-any.whl", hash = "sha256:3a66eb970cbac598f9e5ccb5b2cf58930cd8e3ed86d393d541eaf2d8b1705229", size = 29034, upload-time = "2023-01-25T04:05:12.254Z" },
]

[[package]]
name = "platformdirs"
version = "3.0.0"
source = { registry = "https://pypi.org/simple" }
sdist = { url = "https://files.pythonhosted.org/packages/11/39/702094fc1434a4408783b071665d9f5d8a1d0ba4dddf9dadf3d50e6eb762/platformdirs-3.0.0.tar.gz", hash = "sha256:8a1228abb1ef82d788f74139988b137e78692984ec7b08eaa6c65f1723af28f9", size = 14462, upload-time = "2023-02-06T21:32:30.098Z" }
wheels = [
    { url = "https://files.pythonhosted.org/packages/ba/24/a83a900a90105f8ad3f20df5bb5a2cde886df7125c7827e196e4ed4fa8a7/platformdirs-3.0.0-py3-none-any.whl", hash = "sha256:b1d5eb14f221506f50d6604a561f4c5786d9e80355219694a1b244bcd96f4567", size = 14402, upload-time = "2023-02-06T21:32:28.228Z" },
]

[[package]]
name = "pluggy"
version = "1.0.0"
source = { registry = "https://pypi.org/simple" }
sdist = { url = "https://files.pythonhosted.org/packages/a1/16/db2d7de3474b6e37cbb9c008965ee63835bba517e22cdb8c35b5116b5ce1/pluggy-1.0.0.tar.gz", hash = "sha256:4224373bacce55f955a878bf9cfa763c1e360858e330072059e10bad68531159", size = 51510, upload-time = "2021-08-25T16:26:02.196Z" }
wheels = [
    { url = "https://files.pythonhosted.org/packages/9e/01/f38e2ff29715251cf25532b9082a1589ab7e4f571ced434f98d0139336dc/pluggy-1.0.0-py2.py3-none-any.whl", hash = "sha256:74134bbf457f031a36d68416e1509f34bd5ccc019f0bcc952c7b909d06b37bd3", size = 13667, upload-time = "2021-08-25T16:25:59.674Z" },
]

[[package]]
name = "pycodestyle"
version = "2.10.0"
source = { registry = "https://pypi.org/simple" }
sdist = { url = "https://files.pythonhosted.org/packages/06/6b/5ca0d12ef7dcf7d20dfa35287d02297f3e0f9e515da5183654c03a9636ce/pycodestyle-2.10.0.tar.gz", hash = "sha256:347187bdb476329d98f695c213d7295a846d1152ff4fe9bacb8a9590b8ee7053", size = 101916, upload-time = "2022-11-23T18:27:28.377Z" }
wheels = [
    { url = "https://files.pythonhosted.org/packages/a2/54/001fdc0d69e8d0bb86c3423a6fa6dfada8cc26317c2635ab543e9ac411bd/pycodestyle-2.10.0-py2.py3-none-any.whl", hash = "sha256:8a4eaf0d0495c7395bdab3589ac2db602797d76207242c17d470186815706610", size = 41276, upload-time = "2022-11-23T18:27:26.474Z" },
]

[[package]]
name = "pydantic"
version = "1.10.4"
source = { registry = "https://pypi.org/simple" }
dependencies = [
    { name = "typing-extensions" },
]
sdist = { url = "https://files.pythonhosted.org/packages/53/17/34e54e352f6a3d304044e52d5ddd5cd621a62ec8fb7af08cc73af65dd3e1/pydantic-1.10.4.tar.gz", hash = "sha256:b9a3859f24eb4e097502a3be1fb4b2abb79b6103dd9e2e0edb70613a4459a648", size = 338830, upload-time = "2022-12-30T10:33:17.92Z" }
wheels = [
    { url = "https://files.pythonhosted.org/packages/88/b4/123955cfb978fb9d2cfde7a92b588cffca5cb3772702a09e4ab5807574b1/pydantic-1.10.4-cp310-cp310-macosx_10_9_x86_64.whl", hash = "sha256:b5635de53e6686fe7a44b5cf25fcc419a0d5e5c1a1efe73d49d48fe7586db854", size = 2849708, upload-time = "2022-12-30T10:32:05.095Z" },
    { url = "https://files.pythonhosted.org/packages/17/70/139ae58f5fa5e9000c63d49e1b74a256a74abf4064d7e9b236adc3e21251/pydantic-1.10.4-cp310-cp310-macosx_11_0_arm64.whl", hash = "sha256:6dc1cc241440ed7ca9ab59d9929075445da6b7c94ced281b3dd4cfe6c8cff817", size = 2521995, upload-time = "2022-12-30T10:32:07.52Z" },
    { url = "https://files.pythonhosted.org/packages/12/74/797cf42ee7093e73f740224ee7f9d3faba6e5f674243078a51fc38ba7a78/pydantic-1.10.4-cp310-cp310-manylinux_2_17_x86_64.manylinux2014_x86_64.whl", hash = "sha256:51bdeb10d2db0f288e71d49c9cefa609bca271720ecd0c58009bd7504a0c464c", size = 3074622, upload-time = "2022-12-30T10:32:09.943Z" },
    { url = "https://files.pythonhosted.org/packages/9e/85/13eb8a5121d1d37826118ac8d88fe856229aad43396a3680307eaee8c73e/pydantic-1.10.4-cp310-cp310-manylinux_2_5_i686.manylinux1_i686.manylinux_2_17_i686.manylinux2014_i686.whl", hash = "sha256:78cec42b95dbb500a1f7120bdf95c401f6abb616bbe8785ef09887306792e66e", size = 3101937, upload-time = "2022-12-30T10:32:12.072Z" },
    { url = "https://files.pythonhosted.org/packages/4a/52/79167d367d0765effd60faef145c54a213a5feab7a5c97055fa368f25031/pydantic-1.10.4-cp310-cp310-musllinux_1_1_i686.whl", hash = "sha256:8775d4ef5e7299a2f4699501077a0defdaac5b6c4321173bcb0f3c496fbadf85", size = 3133892, upload-time = "2022-12-30T10:32:14.154Z" },
    { url = "https://files.pythonhosted.org/packages/49/90/ff3dd0265279a2f0607995dfcd77720f0130918cf11ee9449b106d99b942/pydantic-1.10.4-cp310-cp310-musllinux_1_1_x86_64.whl", hash = "sha256:572066051eeac73d23f95ba9a71349c42a3e05999d0ee1572b7860235b850cc6", size = 3091544, upload-time = "2022-12-30T10:32:16.467Z" },
    { url = "https://files.pythonhosted.org/packages/5f/05/faa76cdd1d58066678b104a8bfa2b657144b1996773d655e2d5abb72bfeb/pydantic-1.10.4-cp310-cp310-win_amd64.whl", hash = "sha256:7feb6a2d401f4d6863050f58325b8d99c1e56f4512d98b11ac64ad1751dc647d", size = 2075201, upload-time = "2022-12-30T10:32:18.192Z" },
    { url = "https://files.pythonhosted.org/packages/ec/f2/c136265b246eb0411b293763e1b5e18a22de2d8d6a084e5c3d7b9e6e796e/pydantic-1.10.4-cp311-cp311-macosx_10_9_x86_64.whl", hash = "sha256:39f4a73e5342b25c2959529f07f026ef58147249f9b7431e1ba8414a36761f53", size = 2800671, upload-time = "2022-12-30T10:32:20.268Z" },
    { url = "https://files.pythonhosted.org/packages/87/7e/aec14140cb0ee6b62b5777e9d28eea44813b4d590826ad518b7e197e1200/pydantic-1.10.4-cp311-cp311-macosx_11_0_arm64.whl", hash = "sha256:983e720704431a6573d626b00662eb78a07148c9115129f9b4351091ec95ecc3", size = 2464732, upload-time = "2022-12-30T10:32:22.537Z" },
    { url = "https://files.pythonhosted.org/packages/d1/1a/44c9e2fa8d94cfb1d73352205960798d991a1236aec09d15bf702874ac64/pydantic-1.10.4-cp311-cp311-manylinux_2_17_x86_64.manylinux2014_x86_64.whl", hash = "sha256:75d52162fe6b2b55964fbb0af2ee58e99791a3138588c482572bb6087953113a", size = 3040436, upload-time = "2022-12-30T10:32:24.946Z" },
    { url = "https://files.pythonhosted.org/packages/49/0c/3cb9ddf7aba9a13c56585401ee7ea345ed583c2f848e783eec634c9726d3/pydantic-1.10.4-cp311-cp311-manylinux_2_5_i686.manylinux1_i686.manylinux_2_17_i686.manylinux2014_i686.whl", hash = "sha256:fdf8d759ef326962b4678d89e275ffc55b7ce59d917d9f72233762061fd04a2d", size = 3071332, upload-time = "2022-12-30T10:32:27.339Z" },
    { url = "https://files.pythonhosted.org/packages/09/46/66c65d678e4c1b151c36bd61fd7ad9ebd1b48ecccc115d5dc77c1d7fe476/pydantic-1.10.4-cp311-cp311-musllinux_1_1_i686.whl", hash = "sha256:05a81b006be15655b2a1bae5faa4280cf7c81d0e09fcb49b342ebf826abe5a72", size = 3116816, upload-time = "2022-12-30T10:32:29.548Z" },
    { url = "https://files.pythonhosted.org/packages/54/7e/e111f6ff353af848d44bb4f40311c1ca7dfb284efbf8a41122a6091a0996/pydantic-1.10.4-cp311-cp311-musllinux_1_1_x86_64.whl", hash = "sha256:d88c4c0e5c5dfd05092a4b271282ef0588e5f4aaf345778056fc5259ba098857", size = 3066660, upload-time = "2022-12-30T10:32:31.547Z" },
    { url = "https://files.pythonhosted.org/packages/db/2a/41d60a843328d91b12c6efd1a18b17606bd2ebe498647e75721a9317b433/pydantic-1.10.4-cp311-cp311-win_amd64.whl", hash = "sha256:6a05a9db1ef5be0fe63e988f9617ca2551013f55000289c671f71ec16f4985e3", size = 2053539, upload-time = "2022-12-30T10:32:33.642Z" },
    { url = "https://files.pythonhosted.org/packages/ba/7f/47a90201dc4c11a514dfba59c689491d5018b83be21f682aa602c845c125/pydantic-1.10.4-cp39-cp39-macosx_10_9_x86_64.whl", hash = "sha256:a9a6747cac06c2beb466064dda999a13176b23535e4c496c9d48e6406f92d42d", size = 2903515, upload-time = "2022-12-30T10:33:02.757Z" },
    { url = "https://files.pythonhosted.org/packages/4e/26/38b8e36129e1f9e4d5e4481cee0cbc49b778ac103777c50cb2fca714afbe/pydantic-1.10.4-cp39-cp39-macosx_11_0_arm64.whl", hash = "sha256:eb992a1ef739cc7b543576337bebfc62c0e6567434e522e97291b251a41dad7f", size = 2562571, upload-time = "2022-12-30T10:33:04.509Z" },
    { url = "https://files.pythonhosted.org/packages/36/78/1755a9fe87b0480775bce2e812049669adbe4b006787257d288806caa580/pydantic-1.10.4-cp39-cp39-manylinux_2_17_x86_64.manylinux2014_x86_64.whl", hash = "sha256:990406d226dea0e8f25f643b370224771878142155b879784ce89f633541a024", size = 3165284, upload-time = "2022-12-30T10:33:06.364Z" },
    { url = "https://files.pythonhosted.org/packages/6e/00/7e25a76d3629999587ea4f30b0b15f52a14a43c811a80168900005500f9b/pydantic-1.10.4-cp39-cp39-manylinux_2_5_i686.manylinux1_i686.manylinux_2_17_i686.manylinux2014_i686.whl", hash = "sha256:2e82a6d37a95e0b1b42b82ab340ada3963aea1317fd7f888bb6b9dfbf4fff57c", size = 3183970, upload-time = "2022-12-30T10:33:08.294Z" },
    { url = "https://files.pythonhosted.org/packages/ae/97/c9716e8060e3ed0bbd954258babe4c2f75092ca923972101d791230dcb7e/pydantic-1.10.4-cp39-cp39-musllinux_1_1_i686.whl", hash = "sha256:9193d4f4ee8feca58bc56c8306bcb820f5c7905fd919e0750acdeeeef0615b28", size = 3215414, upload-time = "2022-12-30T10:33:10.342Z" },
    { url = "https://files.pythonhosted.org/packages/6b/85/c3c30a050f04668dccf4ce8df015242a7ccaea8dface44b342f173f68991/pydantic-1.10.4-cp39-cp39-musllinux_1_1_x86_64.whl", hash = "sha256:2b3ce5f16deb45c472dde1a0ee05619298c864a20cded09c4edd820e1454129f", size = 3188175, upload-time = "2022-12-30T10:33:12.369Z" },
    { url = "https://files.pythonhosted.org/packages/ea/45/86ec3475f45f02858808643f38700788c64bfef0896566936dc33a78d4ba/pydantic-1.10.4-cp39-cp39-win_amd64.whl", hash = "sha256:9cbdc268a62d9a98c56e2452d6c41c0263d64a2009aac69246486f01b4f594c4", size = 2138736, upload-time = "2022-12-30T10:33:14.251Z" },
    { url = "https://files.pythonhosted.org/packages/58/1b/0132040ef3e8ec0ce96142d4759bde9f16b52ab7eac5f2c1ce3a5b641f16/pydantic-1.10.4-py3-none-any.whl", hash = "sha256:4948f264678c703f3877d1c8877c4e3b2e12e549c57795107f08cf70c6ec7774", size = 155320, upload-time = "2022-12-30T10:33:16.123Z" },
]

[[package]]
name = "pyflakes"
version = "3.0.1"
source = { registry = "https://pypi.org/simple" }
sdist = { url = "https://files.pythonhosted.org/packages/f2/51/506ddcfab10d708e8460554cc1cf37c727a6a2cccbad8dfe57766cfce33c/pyflakes-3.0.1.tar.gz", hash = "sha256:ec8b276a6b60bd80defed25add7e439881c19e64850afd9b346283d4165fd0fd", size = 63554, upload-time = "2022-11-24T16:53:43.051Z" }
wheels = [
    { url = "https://files.pythonhosted.org/packages/af/4c/b1c7008aa7788b3e26c06c60aa18da7d3aa1f00e344aa3f18ac92768854b/pyflakes-3.0.1-py2.py3-none-any.whl", hash = "sha256:ec55bf7fe21fff7f1ad2f7da62363d749e2a470500eab1b555334b67aa1ef8cf", size = 62822, upload-time = "2022-11-24T16:53:41.131Z" },
]

[[package]]
name = "pytest"
version = "7.2.1"
source = { registry = "https://pypi.org/simple" }
dependencies = [
    { name = "attrs" },
    { name = "colorama", marker = "sys_platform == 'win32'" },
    { name = "exceptiongroup", marker = "python_full_version < '3.11'" },
    { name = "iniconfig" },
    { name = "packaging" },
    { name = "pluggy" },
    { name = "tomli", marker = "python_full_version < '3.11'" },
]
sdist = { url = "https://files.pythonhosted.org/packages/e5/6c/f3a15217ac72912c28c5d7a7a8e87ff6d6475c9530595ae9f0f8dedd8dd8/pytest-7.2.1.tar.gz", hash = "sha256:d45e0952f3727241918b8fd0f376f5ff6b301cc0777c6f9a556935c92d8a7d42", size = 1301901, upload-time = "2023-01-14T12:17:33.798Z" }
wheels = [
    { url = "https://files.pythonhosted.org/packages/cc/02/8f59bf194c9a1ceac6330850715e9ec11e21e2408a30a596c65d54cf4d2a/pytest-7.2.1-py3-none-any.whl", hash = "sha256:c7c6ca206e93355074ae32f7403e8ea12163b1163c976fee7d4d84027c162be5", size = 317109, upload-time = "2023-01-14T12:17:32.206Z" },
]

[[package]]
name = "pytoolconfig"
version = "1.2.5"
source = { registry = "https://pypi.org/simple" }
dependencies = [
    { name = "packaging" },
    { name = "tomli", marker = "python_full_version < '3.11'" },
]
sdist = { url = "https://files.pythonhosted.org/packages/aa/ce/ac21cf0549ae05d8924e91f02f8b406e43beb42e605dc732fdf700f8cd8c/pytoolconfig-1.2.5.tar.gz", hash = "sha256:a50f9dfe23b03a9d40414c1fdf902fefbeae12f2ac75a3c8f915944d6ffac279", size = 16322, upload-time = "2023-01-30T20:03:44.84Z" }
wheels = [
    { url = "https://files.pythonhosted.org/packages/76/0a/8cc3f0f42c27f2b68cea9b24c5423005369c12ff7d7935edff72d1dd908b/pytoolconfig-1.2.5-py3-none-any.whl", hash = "sha256:239ba9d3e537b91d0243275a497700ea39a5e259ddb80421c366e3b288bf30fe", size = 16427, upload-time = "2023-01-30T19:58:47.985Z" },
]

[package.optional-dependencies]
global = [
    { name = "platformdirs" },
]

[[package]]
name = "rope"
version = "1.7.0"
source = { registry = "https://pypi.org/simple" }
dependencies = [
    { name = "pytoolconfig", extra = ["global"] },
]
sdist = { url = "https://files.pythonhosted.org/packages/90/75/06c55cdb16309cc829a6dd36d2bce4ea3757e4665a01bd5977808e0864dd/rope-1.7.0.tar.gz", hash = "sha256:ba39581d0f8dee4ae8b5b5e82e35d03cebad965ccb127b7eaab9755cdc85e85a", size = 295362, upload-time = "2023-01-17T02:37:35.568Z" }
wheels = [
    { url = "https://files.pythonhosted.org/packages/bd/fb/8ec020125efe0c529719ba200e3fc97f79f00316a1c1d1312925243fe5cc/rope-1.7.0-py3-none-any.whl", hash = "sha256:893dd80ba7077fc9f6f42b0a849372076b70f1d6e405b9f0cc52781ffa0e6890", size = 199671, upload-time = "2023-01-17T02:37:32.674Z" },
]

[[package]]
name = "todoist-conv"
version = "0.1.5"
source = { editable = "." }
dependencies = [
    { name = "chardet" },
    { name = "click" },
    { name = "pydantic" },
]

[package.dev-dependencies]
dev = [
    { name = "black" },
    { name = "flake8" },
    { name = "flake8-pyproject" },
    { name = "isort" },
    { name = "pytest" },
    { name = "rope" },
]

[package.metadata]
requires-dist = [
    { name = "chardet", specifier = ">=5.1.0,<6" },
    { name = "click", specifier = ">=8.1.3,<9" },
    { name = "pydantic", specifier = ">=1.9.1,<2" },
]

[package.metadata.requires-dev]
dev = [
    { name = "black", specifier = ">=22.6.0,<23" },
    { name = "flake8", specifier = ">=6.0.0,<7" },
    { name = "flake8-pyproject", specifier = ">=1.2.1,<2" },
    { name = "isort", specifier = ">=5.10.1,<6" },
    { name = "pytest", specifier = ">=7.1.2,<8" },
    { name = "rope", specifier = ">=1.2.0,<2" },
]

[[package]]
name = "tomli"
version = "2.0.1"
source = { registry = "https://pypi.org/simple" }
sdist = { url = "https://files.pythonhosted.org/packages/c0/3f/d7af728f075fb08564c5949a9c95e44352e23dee646869fa104a3b2060a3/tomli-2.0.1.tar.gz", hash = "sha256:de526c12914f0c550d15924c62d72abc48d6fe7364aa87328337a31007fe8a4f", size = 15164, upload-time = "2022-02-08T10:54:04.006Z" }
wheels = [
    { url = "https://files.pythonhosted.org/packages/97/75/10a9ebee3fd790d20926a90a2547f0bf78f371b2f13aa822c759680ca7b9/tomli-2.0.1-py3-none-any.whl", hash = "sha256:939de3e7a6161af0c887ef91b7d41a53e7c5a1ca976325f429cb46ea9bc30ecc", size = 12757, upload-time = "2022-02-08T10:54:02.017Z" },
]

[[package]]
name = "typing-extensions"
version = "4.4.0"
source = { registry = "https://pypi.org/simple" }
sdist = { url = "https://files.pythonhosted.org/packages/e3/a7/8f4e456ef0adac43f452efc2d0e4b242ab831297f1bac60ac815d37eb9cf/typing_extensions-4.4.0.tar.gz", hash = "sha256:1511434bb92bf8dd198c12b1cc812e800d4181cfcb867674e0f8279cc93087aa", size = 49708, upload-time = "2022-10-06T22:40:03.601Z" }
wheels = [
    { url = "https://files.pythonhosted.org/packages/0b/8e/f1a0a5a76cfef77e1eb6004cb49e5f8d72634da638420b9ea492ce8305e8/typing_extensions-4.4.0-py3-none-any.whl", hash = "sha256:16fa4864408f655d35ec496218b85f79b3437c829e93320c7c9215ccfd92489e", size = 26662, upload-time = "2022-10-06T22:40:00.875Z" },
]
